
Microsoft Visual Studio Solution File, Format Version 12.00
# Visual Studio Version 17
VisualStudioVersion = 17.5.33627.172
MinimumVisualStudioVersion = 10.0.40219.1
Project("{2150E333-8FDC-42A3-9474-1A3956D46DE8}") = "Services", "Services", "{15CED97A-0A8C-4207-B59F-E406C79D88B5}"
EndProject
Project("{2150E333-8FDC-42A3-9474-1A3956D46DE8}") = "Catalog", "Catalog", "{6C0ECB8D-4F26-48D2-8BCA-DD92DB4B7249}"
EndProject
Global
	GlobalSection(SolutionProperties) = preSolution
		HideSolutionNode = FALSE
	EndGlobalSection
	GlobalSection(NestedProjects) = preSolution
		{6C0ECB8D-4F26-48D2-8BCA-DD92DB4B7249} = {15CED97A-0A8C-4207-B59F-E406C79D88B5}
	EndGlobalSection
	GlobalSection(ExtensibilityGlobals) = postSolution
		SolutionGuid = {BBAE9573-E257-4FB2-984E-F3732670C63B}
	EndGlobalSection
EndGlobal
